
Microsoft Visual Studio Solution File, Format Version 12.00
# Visual Studio 14
VisualStudioVersion = 14.0.23107.0
MinimumVisualStudioVersion = 10.0.40219.1
Project("{FAE04EC0-301F-11D3-BF4B-00C04F79EFBC}") = "Inmodb", "Inmodb\Inmodb.csproj", "{BE893766-8E8C-4E7A-90FF-97F79DD3200D}"
EndProject
Project("{FAE04EC0-301F-11D3-BF4B-00C04F79EFBC}") = "Inmosoft", "Mobiviaria\Inmosoft.csproj", "{4C71D6F2-CAF5-448F-91AE-D02982354BAD}"
EndProject
Global
	GlobalSection(SubversionScc) = preSolution
		Svn-Managed = True
		Manager = AnkhSVN - Subversion Support for Visual Studio
	EndGlobalSection
	GlobalSection(SolutionConfigurationPlatforms) = preSolution
		Debug|Any CPU = Debug|Any CPU
		Release|Any CPU = Release|Any CPU
	EndGlobalSection
	GlobalSection(ProjectConfigurationPlatforms) = postSolution
		{BE893766-8E8C-4E7A-90FF-97F79DD3200D}.Debug|Any CPU.ActiveCfg = Debug|Any CPU
		{BE893766-8E8C-4E7A-90FF-97F79DD3200D}.Debug|Any CPU.Build.0 = Debug|Any CPU
		{BE893766-8E8C-4E7A-90FF-97F79DD3200D}.Release|Any CPU.ActiveCfg = Release|Any CPU
		{BE893766-8E8C-4E7A-90FF-97F79DD3200D}.Release|Any CPU.Build.0 = Release|Any CPU
		{4C71D6F2-CAF5-448F-91AE-D02982354BAD}.Debug|Any CPU.ActiveCfg = Debug|Any CPU
		{4C71D6F2-CAF5-448F-91AE-D02982354BAD}.Debug|Any CPU.Build.0 = Debug|Any CPU
		{4C71D6F2-CAF5-448F-91AE-D02982354BAD}.Release|Any CPU.ActiveCfg = Release|Any CPU
		{4C71D6F2-CAF5-448F-91AE-D02982354BAD}.Release|Any CPU.Build.0 = Release|Any CPU
	EndGlobalSection
	GlobalSection(SolutionProperties) = preSolution
		HideSolutionNode = FALSE
	EndGlobalSection
EndGlobal
